Microsoft Visual Studio Solution File, Format Version 12.00
# Visual Studio Version 17
VisualStudioVersion = 17.5.2.0
MinimumVisualStudioVersion = 10.0.40219.1
Project("{2150E333-8FDC-42A3-9474-1A3956D46DE8}") = "ExerciciosCSharp", "ExerciciosCSharp", "{9D4EB0A7-594E-45FD-A355-4FEF17390943}"
EndProject
Project("{FAE04EC0-301F-11D3-BF4B-00C04F79EFBC}") = "ExerciciosCSharp", "ExerciciosCSharp\ExerciciosCSharp\ExerciciosCSharp.csproj", "{477508D2-3C1D-23A2-416D-9BFCA813A791}"
EndProject
Global
	GlobalSection(SolutionConfigurationPlatforms) = preSolution
		Debug|Any CPU = Debug|Any CPU
		Release|Any CPU = Release|Any CPU
	EndGlobalSection
	GlobalSection(ProjectConfigurationPlatforms) = postSolution
		{477508D2-3C1D-23A2-416D-9BFCA813A791}.Debug|Any CPU.ActiveCfg = Debug|Any CPU
		{477508D2-3C1D-23A2-416D-9BFCA813A791}.Debug|Any CPU.Build.0 = Debug|Any CPU
		{477508D2-3C1D-23A2-416D-9BFCA813A791}.Release|Any CPU.ActiveCfg = Release|Any CPU
		{477508D2-3C1D-23A2-416D-9BFCA813A791}.Release|Any CPU.Build.0 = Release|Any CPU
	EndGlobalSection
	GlobalSection(SolutionProperties) = preSolution
		HideSolutionNode = FALSE
	EndGlobalSection
	GlobalSection(NestedProjects) = preSolution
		{477508D2-3C1D-23A2-416D-9BFCA813A791} = {9D4EB0A7-594E-45FD-A355-4FEF17390943}
	EndGlobalSection
	GlobalSection(ExtensibilityGlobals) = postSolution
		SolutionGuid = {3DD38F86-E38F-4E55-8FCC-D5F239FABBF9}
	EndGlobalSection
EndGlobal
